
Microsoft Visual Studio Solution File, Format Version 12.00
# Visual Studio Version 17
VisualStudioVersion = 17.11.35303.130
MinimumVisualStudioVersion = 10.0.40219.1
Project("{FAE04EC0-301F-11D3-BF4B-00C04F79EFBC}") = "UsuariosP", "UsuariosP\UsuariosP.csproj", "{F5576FB0-0056-4E65-8BA1-D8078F65D098}"
EndProject
Global
	GlobalSection(SolutionConfigurationPlatforms) = preSolution
		Debug|Any CPU = Debug|Any CPU
		Release|Any CPU = Release|Any CPU
	EndGlobalSection
	GlobalSection(ProjectConfigurationPlatforms) = postSolution
		{F5576FB0-0056-4E65-8BA1-D8078F65D098}.Debug|Any CPU.ActiveCfg = Debug|Any CPU
		{F5576FB0-0056-4E65-8BA1-D8078F65D098}.Debug|Any CPU.Build.0 = Debug|Any CPU
		{F5576FB0-0056-4E65-8BA1-D8078F65D098}.Release|Any CPU.ActiveCfg = Release|Any CPU
		{F5576FB0-0056-4E65-8BA1-D8078F65D098}.Release|Any CPU.Build.0 = Release|Any CPU
	EndGlobalSection
	GlobalSection(SolutionProperties) = preSolution
		HideSolutionNode = FALSE
	EndGlobalSection
	GlobalSection(ExtensibilityGlobals) = postSolution
		SolutionGuid = {F33E15CF-0911-40BF-A463-4D6A6A15379C}
	EndGlobalSection
EndGlobal
